// !$*UTF8*$!
{
	archiveVersion = 1;
	classes = {
	};
	objectVersion = 46;
	objects = {

/* Begin PBXBuildFile section */
		224ED9B41E4B77B500024AB3 /* main.cpp in Sources */ = {isa = PBXBuildFile; fileRef = 224ED9B31E4B77B500024AB3 /* main.cpp */; };
		224ED9BC1E4B78F900024AB3 /* BoardStructure.cpp in Sources */ = {isa = PBXBuildFile; fileRef = 224ED9BA1E4B78F900024AB3 /* BoardStructure.cpp */; };
		2273B1571E5A0C9D00555432 /* input.cpp in Sources */ = {isa = PBXBuildFile; fileRef = 2273B1551E5A0C9D00555432 /* input.cpp */; };
		229054701E4CC9F1009BA8AC /* PieceStructure.cpp in Sources */ = {isa = PBXBuildFile; fileRef = 2290546E1E4CC9F1009BA8AC /* PieceStructure.cpp */; };
/* End PBXBuildFile section */

/* Begin PBXCopyFilesBuildPhase section */
		224ED9AE1E4B77B500024AB3 /* CopyFiles */ = {
			isa = PBXCopyFilesBuildPhase;
			buildActionMask = 2147483647;
			dstPath = /usr/share/man/man1/;
			dstSubfolderSpec = 0;
			files = (
			);
			runOnlyForDeploymentPostprocessing = 1;
		};
/* End PBXCopyFilesBuildPhase section */

/* Begin PBXFileReference section */
		224ED9B01E4B77B500024AB3 /* OOChess */ = {isa = PBXFileReference; explicitFileType = "compiled.mach-o.executable"; includeInIndex = 0; path = OOChess; sourceTree = BUILT_PRODUCTS_DIR; };
		224ED9B31E4B77B500024AB3 /* main.cpp */ = {isa = PBXFileReference; lastKnownFileType = sourcecode.cpp.cpp; path = main.cpp; sourceTree = "<group>"; };
		224ED9BA1E4B78F900024AB3 /* BoardStructure.cpp */ = {isa = PBXFileReference; fileEncoding = 4; lastKnownFileType = sourcecode.cpp.cpp; path = BoardStructure.cpp; sourceTree = "<group>"; };
		224ED9BB1E4B78F900024AB3 /* BoardStructure.hpp */ = {isa = PBXFileReference; fileEncoding = 4; lastKnownFileType = sourcecode.cpp.h; path = BoardStructure.hpp; sourceTree = "<group>"; };
		2273B1551E5A0C9D00555432 /* input.cpp */ = {isa = PBXFileReference; fileEncoding = 4; lastKnownFileType = sourcecode.cpp.cpp; path = input.cpp; sourceTree = "<group>"; };
		2273B1561E5A0C9D00555432 /* input.hpp */ = {isa = PBXFileReference; fileEncoding = 4; lastKnownFileType = sourcecode.cpp.h; path = input.hpp; sourceTree = "<group>"; };
		2290546E1E4CC9F1009BA8AC /* PieceStructure.cpp */ = {isa = PBXFileReference; fileEncoding = 4; lastKnownFileType = sourcecode.cpp.cpp; path = PieceStructure.cpp; sourceTree = "<group>"; };
		2290546F1E4CC9F1009BA8AC /* PieceStructure.hpp */ = {isa = PBXFileReference; fileEncoding = 4; lastKnownFileType = sourcecode.cpp.h; path = PieceStructure.hpp; sourceTree = "<group>"; };
/* End PBXFileReference section */

/* Begin PBXFrameworksBuildPhase section */
		224ED9AD1E4B77B500024AB3 /* Frameworks */ = {
			isa = PBXFrameworksBuildPhase;
			buildActionMask = 2147483647;
			files = (
			);
			runOnlyForDeploymentPostprocessing = 0;
		};
/* End PBXFrameworksBuildPhase section */

/* Begin PBXGroup section */
		224ED9A71E4B77B500024AB3 = {
			isa = PBXGroup;
			children = (
				224ED9B21E4B77B500024AB3 /* OOChess */,
				224ED9B11E4B77B500024AB3 /* Products */,
			);
			sourceTree = "<group>";
		};
		224ED9B11E4B77B500024AB3 /* Products */ = {
			isa = PBXGroup;
			children = (
				224ED9B01E4B77B500024AB3 /* OOChess */,
			);
			name = Products;
			sourceTree = "<group>";
		};
		224ED9B21E4B77B500024AB3 /* OOChess */ = {
			isa = PBXGroup;
			children = (
				224ED9B31E4B77B500024AB3 /* main.cpp */,
				2273B1551E5A0C9D00555432 /* input.cpp */,
				2273B1561E5A0C9D00555432 /* input.hpp */,
				224ED9BA1E4B78F900024AB3 /* BoardStructure.cpp */,
				224ED9BB1E4B78F900024AB3 /* BoardStructure.hpp */,
				2290546E1E4CC9F1009BA8AC /* PieceStructure.cpp */,
				2290546F1E4CC9F1009BA8AC /* PieceStructure.hpp */,
			);
			path = OOChess;
			sourceTree = "<group>";
		};
/* End PBXGroup section */

/* Begin PBXNativeTarget section */
		224ED9AF1E4B77B500024AB3 /* OOChess */ = {
			isa = PBXNativeTarget;
			buildConfigurationList = 224ED9B71E4B77B500024AB3 /* Build configuration list for PBXNativeTarget "OOChess" */;
			buildPhases = (
				224ED9AC1E4B77B500024AB3 /* Sources */,
				224ED9AD1E4B77B500024AB3 /* Frameworks */,
				224ED9AE1E4B77B500024AB3 /* CopyFiles */,
			);
			buildRules = (
			);
			dependencies = (
			);
			name = OOChess;
			productName = OOChess;
			productReference = 224ED9B01E4B77B500024AB3 /* OOChess */;
			productType = "com.apple.product-type.tool";
		};
/* End PBXNativeTarget section */

/* Begin PBXProject section */
		224ED9A81E4B77B500024AB3 /* Project object */ = {
			isa = PBXProject;
			attributes = {
				LastUpgradeCheck = 0810;
				ORGANIZATIONNAME = "Pascal Descollonges";
				TargetAttributes = {
					224ED9AF1E4B77B500024AB3 = {
						CreatedOnToolsVersion = 8.1;
						ProvisioningStyle = Automatic;
					};
				};
			};
			buildConfigurationList = 224ED9AB1E4B77B500024AB3 /* Build configuration list for PBXProject "OOChess" */;
			compatibilityVersion = "Xcode 3.2";
			developmentRegion = English;
			hasScannedForEncodings = 0;
			knownRegions = (
				en,
			);
			mainGroup = 224ED9A71E4B77B500024AB3;
			productRefGroup = 224ED9B11E4B77B500024AB3 /* Products */;
			projectDirPath = "";
			projectRoot = "";
			targets = (
				224ED9AF1E4B77B500024AB3 /* OOChess */,
			);
		};
/* End PBXProject section */

/* Begin PBXSourcesBuildPhase section */
		224ED9AC1E4B77B500024AB3 /* Sources */ = {
			isa = PBXSourcesBuildPhase;
			buildActionMask = 2147483647;
			files = (
				224ED9BC1E4B78F900024AB3 /* BoardStructure.cpp in Sources */,
				229054701E4CC9F1009BA8AC /* PieceStructure.cpp in Sources */,
				2273B1571E5A0C9D00555432 /* input.cpp in Sources */,
				224ED9B41E4B77B500024AB3 /* main.cpp in Sources */,
			);
			runOnlyForDeploymentPostprocessing = 0;
		};
/* End PBXSourcesBuildPhase section */

/* Begin XCBuildConfiguration section */
		224ED9B51E4B77B500024AB3 /* Debug */ = {
			isa = XCBuildConfiguration;
			buildSettings = {
				ALWAYS_SEARCH_USER_PATHS = NO;
				CLANG_ANALYZER_NONNULL = YES;
				CLANG_CXX_LANGUAGE_STANDARD = "gnu++0x";
				CLANG_CXX_LIBRARY = "libc++";
				CLANG_ENABLE_MODULES = YES;
				CLANG_ENABLE_OBJC_ARC = YES;
				CLANG_WARN_BOOL_CONVERSION = YES;
				CLANG_WARN_CONSTANT_CONVERSION = YES;
				CLANG_WARN_DIRECT_OBJC_ISA_USAGE = YES_ERROR;
				CLANG_WARN_DOCUMENTATION_COMMENTS = YES;
				CLANG_WARN_EMPTY_BODY = YES;
				CLANG_WARN_ENUM_CONVERSION = YES;
				CLANG_WARN_INFINITE_RECURSION = YES;
				CLANG_WARN_INT_CONVERSION = YES;
				CLANG_WARN_OBJC_ROOT_CLASS = YES_ERROR;
				CLANG_WARN_SUSPICIOUS_MOVES = YES;
				CLANG_WARN_UNREACHABLE_CODE = YES;
				CLANG_WARN__DUPLICATE_METHOD_MATCH = YES;
				CODE_SIGN_IDENTITY = "-";
				COPY_PHASE_STRIP = NO;
				DEBUG_INFORMATION_FORMAT = dwarf;
				ENABLE_STRICT_OBJC_MSGSEND = YES;
				ENABLE_TESTABILITY = YES;
				GCC_C_LANGUAGE_STANDARD = gnu99;
				GCC_DYNAMIC_NO_PIC = NO;
				GCC_NO_COMMON_BLOCKS = YES;
				GCC_OPTIMIZATION_LEVEL = 0;
				GCC_PREPROCESSOR_DEFINITIONS = (
					"DEBUG=1",
					"$(inherited)",
				);
				GCC_WARN_64_TO_32_BIT_CONVERSION = YES;
				GCC_WARN_ABOUT_RETURN_TYPE = YES_ERROR;
				GCC_WARN_UNDECLARED_SELECTOR = YES;
				GCC_WARN_UNINITIALIZED_AUTOS = YES_AGGRESSIVE;
				GCC_WARN_UNUSED_FUNCTION = YES;
				GCC_WARN_UNUSED_VARIABLE = YES;
				MACOSX_DEPLOYMENT_TARGET = 10.11;
				MTL_ENABLE_DEBUG_INFO = YES;
				ONLY_ACTIVE_ARCH = YES;
				SDKROOT = macosx;
			};
			name = Debug;
		};
		224ED9B61E4B77B500024AB3 /* Release */ = {
			isa = XCBuildConfiguration;
			buildSettings = {
				ALWAYS_SEARCH_USER_PATHS = NO;
				CLANG_ANALYZER_NONNULL = YES;
				CLANG_CXX_LANGUAGE_STANDARD = "gnu++0x";
				CLANG_CXX_LIBRARY = "libc++";
				CLANG_ENABLE_MODULES = YES;
				CLANG_ENABLE_OBJC_ARC = YES;
				CLANG_WARN_BOOL_CONVERSION = YES;
				CLANG_WARN_CONSTANT_CONVERSION = YES;
				CLANG_WARN_DIRECT_OBJC_ISA_USAGE = YES_ERROR;
				CLANG_WARN_DOCUMENTATION_COMMENTS = YES;
				CLANG_WARN_EMPTY_BODY = YES;
				CLANG_WARN_ENUM_CONVERSION = YES;
				CLANG_WARN_INFINITE_RECURSION = YES;
				CLANG_WARN_INT_CONVERSION = YES;
				CLANG_WARN_OBJC_ROOT_CLASS = YES_ERROR;
				CLANG_WARN_SUSPICIOUS_MOVES = YES;
				CLANG_WARN_UNREACHABLE_CODE = YES;
				CLANG_WARN__DUPLICATE_METHOD_MATCH = YES;
				CODE_SIGN_IDENTITY = "-";
				COPY_PHASE_STRIP = NO;
				DEBUG_INFORMATION_FORMAT = "dwarf-with-dsym";
				ENABLE_NS_ASSERTIONS = NO;
				ENABLE_STRICT_OBJC_MSGSEND = YES;
				GCC_C_LANGUAGE_STANDARD = gnu99;
				GCC_NO_COMMON_BLOCKS = YES;
				GCC_WARN_64_TO_32_BIT_CONVERSION = YES;
				GCC_WARN_ABOUT_RETURN_TYPE = YES_ERROR;
				GCC_WARN_UNDECLARED_SELECTOR = YES;
				GCC_WARN_UNINITIALIZED_AUTOS = YES_AGGRESSIVE;
				GCC_WARN_UNUSED_FUNCTION = YES;
				GCC_WARN_UNUSED_VARIABLE = YES;
				MACOSX_DEPLOYMENT_TARGET = 10.11;
				MTL_ENABLE_DEBUG_INFO = NO;
				SDKROOT = macosx;
			};
			name = Release;
		};
		224ED9B81E4B77B500024AB3 /* Debug */ = {
			isa = XCBuildConfiguration;
			buildSettings = {
				PRODUCT_NAME = "$(TARGET_NAME)";
			};
			name = Debug;
		};
		224ED9B91E4B77B500024AB3 /* Release */ = {
			isa = XCBuildConfiguration;
			buildSettings = {
				PRODUCT_NAME = "$(TARGET_NAME)";
			};
			name = Release;
		};
/* End XCBuildConfiguration section */

/* Begin XCConfigurationList section */
		224ED9AB1E4B77B500024AB3 /* Build configuration list for PBXProject "OOChess" */ = {
			isa = XCConfigurationList;
			buildConfigurations = (
				224ED9B51E4B77B500024AB3 /* Debug */,
				224ED9B61E4B77B500024AB3 /* Release */,
			);
			defaultConfigurationIsVisible = 0;
			defaultConfigurationName = Release;
		};
		224ED9B71E4B77B500024AB3 /* Build configuration list for PBXNativeTarget "OOChess" */ = {
			isa = XCConfigurationList;
			buildConfigurations = (
				224ED9B81E4B77B500024AB3 /* Debug */,
				224ED9B91E4B77B500024AB3 /* Release */,
			);
			defaultConfigurationIsVisible = 0;
			defaultConfigurationName = Release;
		};
/* End XCConfigurationList section */
	};
	rootObject = 224ED9A81E4B77B500024AB3 /* Project object */;
}
